
Microsoft Visual Studio Solution File, Format Version 12.00
Project("{FAE04EC0-301F-11D3-BF4B-00C04F79EFBC}") = "Incercare", "Incercare\Incercare.csproj", "{EACCC92C-A068-4F16-8B5B-62C3EE136B01}"
EndProject
Global
	GlobalSection(SolutionConfigurationPlatforms) = preSolution
		Debug|Any CPU = Debug|Any CPU
		Release|Any CPU = Release|Any CPU
	EndGlobalSection
	GlobalSection(ProjectConfigurationPlatforms) = postSolution
		{EACCC92C-A068-4F16-8B5B-62C3EE136B01}.Debug|Any CPU.ActiveCfg = Debug|Any CPU
		{EACCC92C-A068-4F16-8B5B-62C3EE136B01}.Debug|Any CPU.Build.0 = Debug|Any CPU
		{EACCC92C-A068-4F16-8B5B-62C3EE136B01}.Release|Any CPU.ActiveCfg = Release|Any CPU
		{EACCC92C-A068-4F16-8B5B-62C3EE136B01}.Release|Any CPU.Build.0 = Release|Any CPU
	EndGlobalSection
EndGlobal
