
Microsoft Visual Studio Solution File, Format Version 12.00
# Visual Studio Version 17
VisualStudioVersion = 17.1.32210.238
MinimumVisualStudioVersion = 10.0.40219.1
Project("{FAE04EC0-301F-11D3-BF4B-00C04F79EFBC}") = "Lab1_SGBD", "Lab1_SGBD\Lab1_SGBD.csproj", "{4E6F835F-C0E8-4066-ADCA-D7044C9BEE11}"
EndProject
Global
	GlobalSection(SolutionConfigurationPlatforms) = preSolution
		Debug|Any CPU = Debug|Any CPU
		Release|Any CPU = Release|Any CPU
	EndGlobalSection
	GlobalSection(ProjectConfigurationPlatforms) = postSolution
		{4E6F835F-C0E8-4066-ADCA-D7044C9BEE11}.Debug|Any CPU.ActiveCfg = Debug|Any CPU
		{4E6F835F-C0E8-4066-ADCA-D7044C9BEE11}.Debug|Any CPU.Build.0 = Debug|Any CPU
		{4E6F835F-C0E8-4066-ADCA-D7044C9BEE11}.Release|Any CPU.ActiveCfg = Release|Any CPU
		{4E6F835F-C0E8-4066-ADCA-D7044C9BEE11}.Release|Any CPU.Build.0 = Release|Any CPU
	EndGlobalSection
	GlobalSection(SolutionProperties) = preSolution
		HideSolutionNode = FALSE
	EndGlobalSection
	GlobalSection(ExtensibilityGlobals) = postSolution
		SolutionGuid = {BADE287C-5EAE-4E18-97E0-4D01DBB34BD8}
	EndGlobalSection
EndGlobal
